
Microsoft Visual Studio Solution File, Format Version 12.00
# Visual Studio Version 17
VisualStudioVersion = 17.10.35013.160
MinimumVisualStudioVersion = 10.0.40219.1
Project("{FAE04EC0-301F-11D3-BF4B-00C04F79EFBC}") = "TestConsoleApp", "TestConsoleApp.csproj", "{2D76F239-B00D-4979-A389-60B1A4C240F6}"
EndProject
Global
	GlobalSection(SolutionConfigurationPlatforms) = preSolution
		Debug|Any CPU = Debug|Any CPU
		Release|Any CPU = Release|Any CPU
	EndGlobalSection
	GlobalSection(ProjectConfigurationPlatforms) = postSolution
		{2D76F239-B00D-4979-A389-60B1A4C240F6}.Debug|Any CPU.ActiveCfg = Debug|Any CPU
		{2D76F239-B00D-4979-A389-60B1A4C240F6}.Debug|Any CPU.Build.0 = Debug|Any CPU
		{2D76F239-B00D-4979-A389-60B1A4C240F6}.Release|Any CPU.ActiveCfg = Release|Any CPU
		{2D76F239-B00D-4979-A389-60B1A4C240F6}.Release|Any CPU.Build.0 = Release|Any CPU
	EndGlobalSection
	GlobalSection(SolutionProperties) = preSolution
		HideSolutionNode = FALSE
	EndGlobalSection
	GlobalSection(ExtensibilityGlobals) = postSolution
		SolutionGuid = {6DA68FC3-629E-466C-BBF2-0925493C5655}
	EndGlobalSection
EndGlobal
